{
  "name": "wallet-checker",
  "version": "1.0.0",
  "lockfileVersion": 3,
  "requires": true,
  "packages": {
    "": {
      "name": "wallet-checker",
      "version": "1.0.0",
      "license": "MIT",
      "dependencies": {
        "@ton-api/client": "^0.4.0",
        "@ton/core": "^0.61.0"
      }
    },
    "node_modules/@ton-api/client": {
      "version": "0.4.0",
      "resolved": "https://registry.npmjs.org/@ton-api/client/-/client-0.4.0.tgz",
      "integrity": "sha512-k3d6RzNWRDEZpVa9Gig2kHqp74tGvaK/imkjb08RIGxn+wKC7Yv5g98GnXEHf3srRkjtRCG0Nnjx8EsasOMJkw==",
      "license": "MIT",
      "dependencies": {
        "core-js-pure": "^3.38.0"
      },
      "peerDependencies": {
        "@ton/core": ">=0.59.0"
      }
    },
    "node_modules/@ton/core": {
      "version": "0.61.0",
      "resolved": "https://registry.npmjs.org/@ton/core/-/core-0.61.0.tgz",
      "integrity": "sha512-0qyVfP2dDue2bq80ydXggo2MlufcmzuFk6G94qRrZxvyQ3NSe4UeBTeRf1gQmN7tywgTsX2gS61e4yvJrlUu4Q==",
      "license": "MIT",
      "dependencies": {
        "symbol.inspect": "1.0.1"
      },
      "peerDependencies": {
        "@ton/crypto": ">=3.2.0"
      }
    },
    "node_modules/@ton/crypto": {
      "version": "3.3.0",
      "resolved": "https://registry.npmjs.org/@ton/crypto/-/crypto-3.3.0.tgz",
      "integrity": "sha512-/A6CYGgA/H36OZ9BbTaGerKtzWp50rg67ZCH2oIjV1NcrBaCK9Z343M+CxedvM7Haf3f/Ee9EhxyeTp0GKMUpA==",
      "license": "MIT",
      "peer": true,
      "dependencies": {
        "@ton/crypto-primitives": "2.1.0",
        "jssha": "3.2.0",
        "tweetnacl": "1.0.3"
      }
    },
    "node_modules/@ton/crypto-primitives": {
      "version": "2.1.0",
      "resolved": "https://registry.npmjs.org/@ton/crypto-primitives/-/crypto-primitives-2.1.0.tgz",
      "integrity": "sha512-PQesoyPgqyI6vzYtCXw4/ZzevePc4VGcJtFwf08v10OevVJHVfW238KBdpj1kEDQkxWLeuNHEpTECNFKnP6tow==",
      "license": "MIT",
      "peer": true,
      "dependencies": {
        "jssha": "3.2.0"
      }
    },
    "node_modules/core-js-pure": {
      "version": "3.45.0",
      "resolved": "https://registry.npmjs.org/core-js-pure/-/core-js-pure-3.45.0.tgz",
      "integrity": "sha512-OtwjqcDpY2X/eIIg1ol/n0y/X8A9foliaNt1dSK0gV3J2/zw+89FcNG3mPK+N8YWts4ZFUPxnrAzsxs/lf8yDA==",
      "hasInstallScript": true,
      "license": "MIT",
      "funding": {
        "type": "opencollective",
        "url": "https://opencollective.com/core-js"
      }
    },
    "node_modules/jssha": {
      "version": "3.2.0",
      "resolved": "https://registry.npmjs.org/jssha/-/jssha-3.2.0.tgz",
      "integrity": "sha512-QuruyBENDWdN4tZwJbQq7/eAK85FqrI4oDbXjy5IBhYD+2pTJyBUWZe8ctWaCkrV0gy6AaelgOZZBMeswEa/6Q==",
      "license": "BSD-3-Clause",
      "peer": true,
      "engines": {
        "node": "*"
      }
    },
    "node_modules/symbol.inspect": {
      "version": "1.0.1",
      "resolved": "https://registry.npmjs.org/symbol.inspect/-/symbol.inspect-1.0.1.tgz",
      "integrity": "sha512-YQSL4duoHmLhsTD1Pw8RW6TZ5MaTX5rXJnqacJottr2P2LZBF/Yvrc3ku4NUpMOm8aM0KOCqM+UAkMA5HWQCzQ==",
      "license": "ISC"
    },
    "node_modules/tweetnacl": {
      "version": "1.0.3",
      "resolved": "https://registry.npmjs.org/tweetnacl/-/tweetnacl-1.0.3.tgz",
      "integrity": "sha512-6rt+RN7aOi1nGMyC4Xa5DdYiukl2UWCbcJft7YhxReBGQD7OAM8Pbxw6YMo4r2diNEA8FEmu32YOn9rhaiE5yw==",
      "license": "Unlicense",
      "peer": true
    }
  }
}
